
Microsoft Visual Studio Solution File, Format Version 12.00
# Visual Studio Version 16
VisualStudioVersion = 16.0.30320.27
MinimumVisualStudioVersion = 10.0.40219.1
Project("{FAE04EC0-301F-11D3-BF4B-00C04F79EFBC}") = "QuestStore3", "QuestStore3\QuestStore3.csproj", "{04759831-A237-41B7-8A56-D6979EAFD64C}"
EndProject
Global
	GlobalSection(SolutionConfigurationPlatforms) = preSolution
		Debug|Any CPU = Debug|Any CPU
		Release|Any CPU = Release|Any CPU
	EndGlobalSection
	GlobalSection(ProjectConfigurationPlatforms) = postSolution
		{04759831-A237-41B7-8A56-D6979EAFD64C}.Debug|Any CPU.ActiveCfg = Debug|Any CPU
		{04759831-A237-41B7-8A56-D6979EAFD64C}.Debug|Any CPU.Build.0 = Debug|Any CPU
		{04759831-A237-41B7-8A56-D6979EAFD64C}.Release|Any CPU.ActiveCfg = Release|Any CPU
		{04759831-A237-41B7-8A56-D6979EAFD64C}.Release|Any CPU.Build.0 = Release|Any CPU
	EndGlobalSection
	GlobalSection(SolutionProperties) = preSolution
		HideSolutionNode = FALSE
	EndGlobalSection
	GlobalSection(ExtensibilityGlobals) = postSolution
		SolutionGuid = {2A0FF497-EAB1-4998-A5B2-DEA910FDAF43}
	EndGlobalSection
EndGlobal
